
Microsoft Visual Studio Solution File, Format Version 12.00
# Visual Studio 15
VisualStudioVersion = 15.0.27703.2026
MinimumVisualStudioVersion = 10.0.40219.1
Project("{FAE04EC0-301F-11D3-BF4B-00C04F79EFBC}") = "DynamicData", "DynamicDataFramework\DynamicData.csproj", "{DE2AD72C-74EC-48E7-806C-0007737EBBFB}"
EndProject
Project("{FAE04EC0-301F-11D3-BF4B-00C04F79EFBC}") = "Examples", "Examples\Examples.csproj", "{EB9C8919-C8F4-43C9-935A-54B87FD76000}"
EndProject
Global
	GlobalSection(SolutionConfigurationPlatforms) = preSolution
		Debug|Any CPU = Debug|Any CPU
		Release|Any CPU = Release|Any CPU
	EndGlobalSection
	GlobalSection(ProjectConfigurationPlatforms) = postSolution
		{DE2AD72C-74EC-48E7-806C-0007737EBBFB}.Debug|Any CPU.ActiveCfg = Debug|Any CPU
		{DE2AD72C-74EC-48E7-806C-0007737EBBFB}.Debug|Any CPU.Build.0 = Debug|Any CPU
		{DE2AD72C-74EC-48E7-806C-0007737EBBFB}.Release|Any CPU.ActiveCfg = Release|Any CPU
		{DE2AD72C-74EC-48E7-806C-0007737EBBFB}.Release|Any CPU.Build.0 = Release|Any CPU
		{EB9C8919-C8F4-43C9-935A-54B87FD76000}.Debug|Any CPU.ActiveCfg = Debug|Any CPU
		{EB9C8919-C8F4-43C9-935A-54B87FD76000}.Debug|Any CPU.Build.0 = Debug|Any CPU
		{EB9C8919-C8F4-43C9-935A-54B87FD76000}.Release|Any CPU.ActiveCfg = Release|Any CPU
		{EB9C8919-C8F4-43C9-935A-54B87FD76000}.Release|Any CPU.Build.0 = Release|Any CPU
	EndGlobalSection
	GlobalSection(SolutionProperties) = preSolution
		HideSolutionNode = FALSE
	EndGlobalSection
	GlobalSection(ExtensibilityGlobals) = postSolution
		SolutionGuid = {6C4F2B63-D737-4758-8048-A970F4E06363}
	EndGlobalSection
EndGlobal
